
Microsoft Visual Studio Solution File, Format Version 12.00
# Visual Studio Version 17
VisualStudioVersion = 17.5.002.0
MinimumVisualStudioVersion = 10.0.40219.1
Project("{9A19103F-16F7-4668-BE54-9A1E7A4F7556}") = "backend", "backend\backend.csproj", "{8927CC4F-521E-421F-BB29-5191A1740217}"
EndProject
Global
	GlobalSection(SolutionConfigurationPlatforms) = preSolution
		Debug|Any CPU = Debug|Any CPU
		Release|Any CPU = Release|Any CPU
	EndGlobalSection
	GlobalSection(ProjectConfigurationPlatforms) = postSolution
		{8927CC4F-521E-421F-BB29-5191A1740217}.Debug|Any CPU.ActiveCfg = Debug|Any CPU
		{8927CC4F-521E-421F-BB29-5191A1740217}.Debug|Any CPU.Build.0 = Debug|Any CPU
		{8927CC4F-521E-421F-BB29-5191A1740217}.Release|Any CPU.ActiveCfg = Release|Any CPU
		{8927CC4F-521E-421F-BB29-5191A1740217}.Release|Any CPU.Build.0 = Release|Any CPU
	EndGlobalSection
	GlobalSection(SolutionProperties) = preSolution
		HideSolutionNode = FALSE
	EndGlobalSection
	GlobalSection(ExtensibilityGlobals) = postSolution
		SolutionGuid = {32E5078D-15CB-49A2-9DC6-BBCA3B3C63E2}
	EndGlobalSection
EndGlobal
